
Microsoft Visual Studio Solution File, Format Version 12.00
# Visual Studio Version 17
VisualStudioVersion = 17.13.35825.156 d17.13
MinimumVisualStudioVersion = 10.0.40219.1
Project("{FAE04EC0-301F-11D3-BF4B-00C04F79EFBC}") = "Laba_3", "Laba_3.csproj", "{B17A6C6E-F1C1-4AEC-9498-F7C386FAF6EE}"
EndProject
Global
	GlobalSection(SolutionConfigurationPlatforms) = preSolution
		Debug|Any CPU = Debug|Any CPU
		Release|Any CPU = Release|Any CPU
	EndGlobalSection
	GlobalSection(ProjectConfigurationPlatforms) = postSolution
		{B17A6C6E-F1C1-4AEC-9498-F7C386FAF6EE}.Debug|Any CPU.ActiveCfg = Debug|Any CPU
		{B17A6C6E-F1C1-4AEC-9498-F7C386FAF6EE}.Debug|Any CPU.Build.0 = Debug|Any CPU
		{B17A6C6E-F1C1-4AEC-9498-F7C386FAF6EE}.Release|Any CPU.ActiveCfg = Release|Any CPU
		{B17A6C6E-F1C1-4AEC-9498-F7C386FAF6EE}.Release|Any CPU.Build.0 = Release|Any CPU
	EndGlobalSection
	GlobalSection(SolutionProperties) = preSolution
		HideSolutionNode = FALSE
	EndGlobalSection
	GlobalSection(ExtensibilityGlobals) = postSolution
		SolutionGuid = {F617F71C-D377-4F2E-994C-0B5C137FDCC5}
	EndGlobalSection
EndGlobal
