
Microsoft Visual Studio Solution File, Format Version 12.00
# Visual Studio Version 17
VisualStudioVersion = 17.13.35825.156 d17.13
MinimumVisualStudioVersion = 10.0.40219.1
Project("{FAE04EC0-301F-11D3-BF4B-00C04F79EFBC}") = "Laba_12", "Laba_12.csproj", "{2CDF915E-77FC-4E5A-89DB-B32AB0380B98}"
EndProject
Global
	GlobalSection(SolutionConfigurationPlatforms) = preSolution
		Debug|Any CPU = Debug|Any CPU
		Release|Any CPU = Release|Any CPU
	EndGlobalSection
	GlobalSection(ProjectConfigurationPlatforms) = postSolution
		{2CDF915E-77FC-4E5A-89DB-B32AB0380B98}.Debug|Any CPU.ActiveCfg = Debug|Any CPU
		{2CDF915E-77FC-4E5A-89DB-B32AB0380B98}.Debug|Any CPU.Build.0 = Debug|Any CPU
		{2CDF915E-77FC-4E5A-89DB-B32AB0380B98}.Release|Any CPU.ActiveCfg = Release|Any CPU
		{2CDF915E-77FC-4E5A-89DB-B32AB0380B98}.Release|Any CPU.Build.0 = Release|Any CPU
	EndGlobalSection
	GlobalSection(SolutionProperties) = preSolution
		HideSolutionNode = FALSE
	EndGlobalSection
	GlobalSection(ExtensibilityGlobals) = postSolution
		SolutionGuid = {D1F52492-7C10-4B3D-A1F7-DEA43AE7172C}
	EndGlobalSection
EndGlobal
