
Microsoft Visual Studio Solution File, Format Version 12.00
# Visual Studio Version 17
VisualStudioVersion = 17.13.35825.156 d17.13
MinimumVisualStudioVersion = 10.0.40219.1
Project("{FAE04EC0-301F-11D3-BF4B-00C04F79EFBC}") = "Laba_10", "Laba_10.csproj", "{DC1D1FDE-2D53-455E-9348-6CC8A1834CBD}"
EndProject
Global
	GlobalSection(SolutionConfigurationPlatforms) = preSolution
		Debug|Any CPU = Debug|Any CPU
		Release|Any CPU = Release|Any CPU
	EndGlobalSection
	GlobalSection(ProjectConfigurationPlatforms) = postSolution
		{DC1D1FDE-2D53-455E-9348-6CC8A1834CBD}.Debug|Any CPU.ActiveCfg = Debug|Any CPU
		{DC1D1FDE-2D53-455E-9348-6CC8A1834CBD}.Debug|Any CPU.Build.0 = Debug|Any CPU
		{DC1D1FDE-2D53-455E-9348-6CC8A1834CBD}.Release|Any CPU.ActiveCfg = Release|Any CPU
		{DC1D1FDE-2D53-455E-9348-6CC8A1834CBD}.Release|Any CPU.Build.0 = Release|Any CPU
	EndGlobalSection
	GlobalSection(SolutionProperties) = preSolution
		HideSolutionNode = FALSE
	EndGlobalSection
	GlobalSection(ExtensibilityGlobals) = postSolution
		SolutionGuid = {8CDC1C8F-3FC2-4C41-87C5-3A38686E12D2}
	EndGlobalSection
EndGlobal
