
Microsoft Visual Studio Solution File, Format Version 12.00
# Visual Studio Version 17
VisualStudioVersion = 17.13.35825.156 d17.13
MinimumVisualStudioVersion = 10.0.40219.1
Project("{FAE04EC0-301F-11D3-BF4B-00C04F79EFBC}") = "Laba_7", "Laba_7.csproj", "{B8F2E68D-603A-46A0-B662-5CB8394B0603}"
EndProject
Global
	GlobalSection(SolutionConfigurationPlatforms) = preSolution
		Debug|Any CPU = Debug|Any CPU
		Release|Any CPU = Release|Any CPU
	EndGlobalSection
	GlobalSection(ProjectConfigurationPlatforms) = postSolution
		{B8F2E68D-603A-46A0-B662-5CB8394B0603}.Debug|Any CPU.ActiveCfg = Debug|Any CPU
		{B8F2E68D-603A-46A0-B662-5CB8394B0603}.Debug|Any CPU.Build.0 = Debug|Any CPU
		{B8F2E68D-603A-46A0-B662-5CB8394B0603}.Release|Any CPU.ActiveCfg = Release|Any CPU
		{B8F2E68D-603A-46A0-B662-5CB8394B0603}.Release|Any CPU.Build.0 = Release|Any CPU
	EndGlobalSection
	GlobalSection(SolutionProperties) = preSolution
		HideSolutionNode = FALSE
	EndGlobalSection
	GlobalSection(ExtensibilityGlobals) = postSolution
		SolutionGuid = {C3639F52-883B-425F-82F9-68A34CF51CE0}
	EndGlobalSection
EndGlobal
